// !$*UTF8*$!
{
	archiveVersion = 1;
	classes = {
	};
	objectVersion = 48;
	objects = {

/* Begin PBXBuildFile section */
		2AC0E63E20742C0200EC5BC4 /* AppDelegate.swift in Sources */ = {isa = PBXBuildFile; fileRef = 2AC0E63D20742C0200EC5BC4 /* AppDelegate.swift */; };
		2AC0E64320742C0200EC5BC4 /* Main.storyboard in Resources */ = {isa = PBXBuildFile; fileRef = 2AC0E64120742C0200EC5BC4 /* Main.storyboard */; };
		2AC0E65320742C0200EC5BC4 /* ACMobileTests.swift in Sources */ = {isa = PBXBuildFile; fileRef = 2AC0E65220742C0200EC5BC4 /* ACMobileTests.swift */; };
		2AC0E6602074314100EC5BC4 /* SWRevealViewController.m in Sources */ = {isa = PBXBuildFile; fileRef = 2AC0E65E2074314100EC5BC4 /* SWRevealViewController.m */; };
		2AC0E6632074321D00EC5BC4 /* ViewController.swift in Sources */ = {isa = PBXBuildFile; fileRef = 2AC0E6622074321D00EC5BC4 /* ViewController.swift */; };
		2AC0E66520743C8200EC5BC4 /* AboutVC.swift in Sources */ = {isa = PBXBuildFile; fileRef = 2AC0E66420743C8200EC5BC4 /* AboutVC.swift */; };
		2AC0E66720743F7600EC5BC4 /* SplashVC.swift in Sources */ = {isa = PBXBuildFile; fileRef = 2AC0E66620743F7600EC5BC4 /* SplashVC.swift */; };
		2AC145A82074447B00D65E7C /* FaceliftVC.swift in Sources */ = {isa = PBXBuildFile; fileRef = 2AC145A72074447B00D65E7C /* FaceliftVC.swift */; };
		2AC145AA20749D8C00D65E7C /* NeckLiftVC.swift in Sources */ = {isa = PBXBuildFile; fileRef = 2AC145A920749D8C00D65E7C /* NeckLiftVC.swift */; };
		2AC145AC20749FCA00D65E7C /* MiniFaceLiftVC.swift in Sources */ = {isa = PBXBuildFile; fileRef = 2AC145AB20749FCA00D65E7C /* MiniFaceLiftVC.swift */; };
		2AC145AE2074A14400D65E7C /* RhinoplastyVC.swift in Sources */ = {isa = PBXBuildFile; fileRef = 2AC145AD2074A14400D65E7C /* RhinoplastyVC.swift */; };
		2AC145B02074A25500D65E7C /* EyelidSurgeryVC.swift in Sources */ = {isa = PBXBuildFile; fileRef = 2AC145AF2074A25500D65E7C /* EyelidSurgeryVC.swift */; };
		2AC145B22074A39600D65E7C /* BrowLiftVC.swift in Sources */ = {isa = PBXBuildFile; fileRef = 2AC145B12074A39600D65E7C /* BrowLiftVC.swift */; };
		2AC145B42074A5A900D65E7C /* SubmentoplastyVC.swift in Sources */ = {isa = PBXBuildFile; fileRef = 2AC145B32074A5A900D65E7C /* SubmentoplastyVC.swift */; };
		2AC145B62074AC2500D65E7C /* ChinAugmentationVC.swift in Sources */ = {isa = PBXBuildFile; fileRef = 2AC145B52074AC2500D65E7C /* ChinAugmentationVC.swift */; };
		2AC145B82074ACC700D65E7C /* FacialVolumeSurgVC.swift in Sources */ = {isa = PBXBuildFile; fileRef = 2AC145B72074ACC700D65E7C /* FacialVolumeSurgVC.swift */; };
		2AC145BA2074AD8B00D65E7C /* CorrectiveSurgicalVC.swift in Sources */ = {isa = PBXBuildFile; fileRef = 2AC145B92074AD8B00D65E7C /* CorrectiveSurgicalVC.swift */; };
		2AC145BD2075164E00D65E7C /* InjectableTreatmentsVC.swift in Sources */ = {isa = PBXBuildFile; fileRef = 2AC145BC2075164E00D65E7C /* InjectableTreatmentsVC.swift */; };
		2AC145BF2075173A00D65E7C /* SkinTreatmentsVC.swift in Sources */ = {isa = PBXBuildFile; fileRef = 2AC145BE2075173A00D65E7C /* SkinTreatmentsVC.swift */; };
		2AC145C12075180E00D65E7C /* EyelidRejuvenationVC.swift in Sources */ = {isa = PBXBuildFile; fileRef = 2AC145C02075180E00D65E7C /* EyelidRejuvenationVC.swift */; };
		2AC145C320751DEB00D65E7C /* FacialVolumeNonsurgVC.swift in Sources */ = {isa = PBXBuildFile; fileRef = 2AC145C220751DEB00D65E7C /* FacialVolumeNonsurgVC.swift */; };
		2AC145C520751EB700D65E7C /* HandRejuvenationVC.swift in Sources */ = {isa = PBXBuildFile; fileRef = 2AC145C420751EB700D65E7C /* HandRejuvenationVC.swift */; };
		2AC145C7207C187C00D65E7C /* ContactVC.swift in Sources */ = {isa = PBXBuildFile; fileRef = 2AC145C6207C187C00D65E7C /* ContactVC.swift */; };
		2AC145CA207C1CAE00D65E7C /* EpionceVC.swift in Sources */ = {isa = PBXBuildFile; fileRef = 2AC145C9207C1CAE00D65E7C /* EpionceVC.swift */; };
		2AC145CC207C1DFA00D65E7C /* SkinMedicaVC.swift in Sources */ = {isa = PBXBuildFile; fileRef = 2AC145CB207C1DFA00D65E7C /* SkinMedicaVC.swift */; };
		2AC145CE207C285900D65E7C /* Assets.xcassets in Resources */ = {isa = PBXBuildFile; fileRef = 2AC145CD207C285900D65E7C /* Assets.xcassets */; };
		2AC145D1207C302800D65E7C /* BorderButton.swift in Sources */ = {isa = PBXBuildFile; fileRef = 2AC145D0207C302800D65E7C /* BorderButton.swift */; };
		2AC145D52080188300D65E7C /* PhotoGalleryVC.swift in Sources */ = {isa = PBXBuildFile; fileRef = 2AC145D42080188300D65E7C /* PhotoGalleryVC.swift */; };
		2AC145D720801DA400D65E7C /* AboutAppVC.swift in Sources */ = {isa = PBXBuildFile; fileRef = 2AC145D620801DA400D65E7C /* AboutAppVC.swift */; };
/* End PBXBuildFile section */

/* Begin PBXContainerItemProxy section */
		2AC0E64F20742C0200EC5BC4 /* PBXContainerItemProxy */ = {
			isa = PBXContainerItemProxy;
			containerPortal = 2AC0E63220742C0200EC5BC4 /* Project object */;
			proxyType = 1;
			remoteGlobalIDString = 2AC0E63920742C0200EC5BC4;
			remoteInfo = ACMobile;
		};
/* End PBXContainerItemProxy section */

/* Begin PBXFileReference section */
		2AC0E63A20742C0200EC5BC4 /* ACMobile.app */ = {isa = PBXFileReference; explicitFileType = wrapper.application; includeInIndex = 0; path = ACMobile.app; sourceTree = BUILT_PRODUCTS_DIR; };
		2AC0E63D20742C0200EC5BC4 /* AppDelegate.swift */ = {isa = PBXFileReference; lastKnownFileType = sourcecode.swift; path = AppDelegate.swift; sourceTree = "<group>"; };
		2AC0E64220742C0200EC5BC4 /* Base */ = {isa = PBXFileReference; lastKnownFileType = file.storyboard; name = Base; path = Base.lproj/Main.storyboard; sourceTree = "<group>"; };
		2AC0E64920742C0200EC5BC4 /* Info.plist */ = {isa = PBXFileReference; lastKnownFileType = text.plist.xml; path = Info.plist; sourceTree = "<group>"; };
		2AC0E64E20742C0200EC5BC4 /* ACMobileTests.xctest */ = {isa = PBXFileReference; explicitFileType = wrapper.cfbundle; includeInIndex = 0; path = ACMobileTests.xctest; sourceTree = BUILT_PRODUCTS_DIR; };
		2AC0E65220742C0200EC5BC4 /* ACMobileTests.swift */ = {isa = PBXFileReference; lastKnownFileType = sourcecode.swift; path = ACMobileTests.swift; sourceTree = "<group>"; };
		2AC0E65420742C0200EC5BC4 /* Info.plist */ = {isa = PBXFileReference; lastKnownFileType = text.plist.xml; path = Info.plist; sourceTree = "<group>"; };
		2AC0E65D2074314000EC5BC4 /* ACMobile-Bridging-Header.h */ = {isa = PBXFileReference; lastKnownFileType = sourcecode.c.h; path = "ACMobile-Bridging-Header.h"; sourceTree = "<group>"; };
		2AC0E65E2074314100EC5BC4 /* SWRevealViewController.m */ = {isa = PBXFileReference; fileEncoding = 4; lastKnownFileType = sourcecode.c.objc; path = SWRevealViewController.m; sourceTree = "<group>"; };
		2AC0E65F2074314100EC5BC4 /* SWRevealViewController.h */ = {isa = PBXFileReference; fileEncoding = 4; lastKnownFileType = sourcecode.c.h; path = SWRevealViewController.h; sourceTree = "<group>"; };
		2AC0E6622074321D00EC5BC4 /* ViewController.swift */ = {isa = PBXFileReference; lastKnownFileType = sourcecode.swift; path = ViewController.swift; sourceTree = "<group>"; };
		2AC0E66420743C8200EC5BC4 /* AboutVC.swift */ = {isa = PBXFileReference; lastKnownFileType = sourcecode.swift; path = AboutVC.swift; sourceTree = "<group>"; };
		2AC0E66620743F7600EC5BC4 /* SplashVC.swift */ = {isa = PBXFileReference; lastKnownFileType = sourcecode.swift; path = SplashVC.swift; sourceTree = "<group>"; };
		2AC145A72074447B00D65E7C /* FaceliftVC.swift */ = {isa = PBXFileReference; lastKnownFileType = sourcecode.swift; path = FaceliftVC.swift; sourceTree = "<group>"; };
		2AC145A920749D8C00D65E7C /* NeckLiftVC.swift */ = {isa = PBXFileReference; lastKnownFileType = sourcecode.swift; path = NeckLiftVC.swift; sourceTree = "<group>"; };
		2AC145AB20749FCA00D65E7C /* MiniFaceLiftVC.swift */ = {isa = PBXFileReference; lastKnownFileType = sourcecode.swift; path = MiniFaceLiftVC.swift; sourceTree = "<group>"; };
		2AC145AD2074A14400D65E7C /* RhinoplastyVC.swift */ = {isa = PBXFileReference; lastKnownFileType = sourcecode.swift; path = RhinoplastyVC.swift; sourceTree = "<group>"; };
		2AC145AF2074A25500D65E7C /* EyelidSurgeryVC.swift */ = {isa = PBXFileReference; lastKnownFileType = sourcecode.swift; path = EyelidSurgeryVC.swift; sourceTree = "<group>"; };
		2AC145B12074A39600D65E7C /* BrowLiftVC.swift */ = {isa = PBXFileReference; lastKnownFileType = sourcecode.swift; path = BrowLiftVC.swift; sourceTree = "<group>"; };
		2AC145B32074A5A900D65E7C /* SubmentoplastyVC.swift */ = {isa = PBXFileReference; lastKnownFileType = sourcecode.swift; path = SubmentoplastyVC.swift; sourceTree = "<group>"; };
		2AC145B52074AC2500D65E7C /* ChinAugmentationVC.swift */ = {isa = PBXFileReference; lastKnownFileType = sourcecode.swift; path = ChinAugmentationVC.swift; sourceTree = "<group>"; };
		2AC145B72074ACC700D65E7C /* FacialVolumeSurgVC.swift */ = {isa = PBXFileReference; lastKnownFileType = sourcecode.swift; path = FacialVolumeSurgVC.swift; sourceTree = "<group>"; };
		2AC145B92074AD8B00D65E7C /* CorrectiveSurgicalVC.swift */ = {isa = PBXFileReference; lastKnownFileType = sourcecode.swift; path = CorrectiveSurgicalVC.swift; sourceTree = "<group>"; };
		2AC145BC2075164E00D65E7C /* InjectableTreatmentsVC.swift */ = {isa = PBXFileReference; lastKnownFileType = sourcecode.swift; path = InjectableTreatmentsVC.swift; sourceTree = "<group>"; };
		2AC145BE2075173A00D65E7C /* SkinTreatmentsVC.swift */ = {isa = PBXFileReference; lastKnownFileType = sourcecode.swift; path = SkinTreatmentsVC.swift; sourceTree = "<group>"; };
		2AC145C02075180E00D65E7C /* EyelidRejuvenationVC.swift */ = {isa = PBXFileReference; lastKnownFileType = sourcecode.swift; path = EyelidRejuvenationVC.swift; sourceTree = "<group>"; };
		2AC145C220751DEB00D65E7C /* FacialVolumeNonsurgVC.swift */ = {isa = PBXFileReference; lastKnownFileType = sourcecode.swift; path = FacialVolumeNonsurgVC.swift; sourceTree = "<group>"; };
		2AC145C420751EB700D65E7C /* HandRejuvenationVC.swift */ = {isa = PBXFileReference; lastKnownFileType = sourcecode.swift; path = HandRejuvenationVC.swift; sourceTree = "<group>"; };
		2AC145C6207C187C00D65E7C /* ContactVC.swift */ = {isa = PBXFileReference; lastKnownFileType = sourcecode.swift; path = ContactVC.swift; sourceTree = "<group>"; };
		2AC145C9207C1CAE00D65E7C /* EpionceVC.swift */ = {isa = PBXFileReference; lastKnownFileType = sourcecode.swift; path = EpionceVC.swift; sourceTree = "<group>"; };
		2AC145CB207C1DFA00D65E7C /* SkinMedicaVC.swift */ = {isa = PBXFileReference; lastKnownFileType = sourcecode.swift; path = SkinMedicaVC.swift; sourceTree = "<group>"; };
		2AC145CD207C285900D65E7C /* Assets.xcassets */ = {isa = PBXFileReference; lastKnownFileType = folder.assetcatalog; path = Assets.xcassets; sourceTree = "<group>"; };
		2AC145D0207C302800D65E7C /* BorderButton.swift */ = {isa = PBXFileReference; lastKnownFileType = sourcecode.swift; path = BorderButton.swift; sourceTree = "<group>"; };
		2AC145D42080188300D65E7C /* PhotoGalleryVC.swift */ = {isa = PBXFileReference; lastKnownFileType = sourcecode.swift; path = PhotoGalleryVC.swift; sourceTree = "<group>"; };
		2AC145D620801DA400D65E7C /* AboutAppVC.swift */ = {isa = PBXFileReference; lastKnownFileType = sourcecode.swift; path = AboutAppVC.swift; sourceTree = "<group>"; };
/* End PBXFileReference section */

/* Begin PBXFrameworksBuildPhase section */
		2AC0E63720742C0200EC5BC4 /* Frameworks */ = {
			isa = PBXFrameworksBuildPhase;
			buildActionMask = 2147483647;
			files = (
			);
			runOnlyForDeploymentPostprocessing = 0;
		};
		2AC0E64B20742C0200EC5BC4 /* Frameworks */ = {
			isa = PBXFrameworksBuildPhase;
			buildActionMask = 2147483647;
			files = (
			);
			runOnlyForDeploymentPostprocessing = 0;
		};
/* End PBXFrameworksBuildPhase section */

/* Begin PBXGroup section */
		2AC0E63120742C0200EC5BC4 = {
			isa = PBXGroup;
			children = (
				2AC0E63C20742C0200EC5BC4 /* ACMobile */,
				2AC0E65120742C0200EC5BC4 /* ACMobileTests */,
				2AC0E63B20742C0200EC5BC4 /* Products */,
			);
			sourceTree = "<group>";
		};
		2AC0E63B20742C0200EC5BC4 /* Products */ = {
			isa = PBXGroup;
			children = (
				2AC0E63A20742C0200EC5BC4 /* ACMobile.app */,
				2AC0E64E20742C0200EC5BC4 /* ACMobileTests.xctest */,
			);
			name = Products;
			sourceTree = "<group>";
		};
		2AC0E63C20742C0200EC5BC4 /* ACMobile */ = {
			isa = PBXGroup;
			children = (
				2AC0E63D20742C0200EC5BC4 /* AppDelegate.swift */,
				2AC0E64120742C0200EC5BC4 /* Main.storyboard */,
				2AC0E65F2074314100EC5BC4 /* SWRevealViewController.h */,
				2AC0E65E2074314100EC5BC4 /* SWRevealViewController.m */,
				2AC0E64920742C0200EC5BC4 /* Info.plist */,
				2AC0E65D2074314000EC5BC4 /* ACMobile-Bridging-Header.h */,
				2AC0E6622074321D00EC5BC4 /* ViewController.swift */,
				2AC0E66420743C8200EC5BC4 /* AboutVC.swift */,
				2AC145D620801DA400D65E7C /* AboutAppVC.swift */,
				2AC145C6207C187C00D65E7C /* ContactVC.swift */,
				2AC145D42080188300D65E7C /* PhotoGalleryVC.swift */,
				2AC0E66620743F7600EC5BC4 /* SplashVC.swift */,
				2AC145CF207C2FF000D65E7C /* Views */,
				2AC145C8207C1C6E00D65E7C /* PartnerWebsites */,
				2AC145BB2075161E00D65E7C /* NonsurgicalProcedures */,
				2AC145A62074444C00D65E7C /* SurgicalProcedures */,
				2AC145CD207C285900D65E7C /* Assets.xcassets */,
			);
			path = ACMobile;
			sourceTree = "<group>";
		};
		2AC0E65120742C0200EC5BC4 /* ACMobileTests */ = {
			isa = PBXGroup;
			children = (
				2AC0E65220742C0200EC5BC4 /* ACMobileTests.swift */,
				2AC0E65420742C0200EC5BC4 /* Info.plist */,
			);
			path = ACMobileTests;
			sourceTree = "<group>";
		};
		2AC145A62074444C00D65E7C /* SurgicalProcedures */ = {
			isa = PBXGroup;
			children = (
				2AC145A72074447B00D65E7C /* FaceliftVC.swift */,
				2AC145A920749D8C00D65E7C /* NeckLiftVC.swift */,
				2AC145AB20749FCA00D65E7C /* MiniFaceLiftVC.swift */,
				2AC145AD2074A14400D65E7C /* RhinoplastyVC.swift */,
				2AC145AF2074A25500D65E7C /* EyelidSurgeryVC.swift */,
				2AC145B12074A39600D65E7C /* BrowLiftVC.swift */,
				2AC145B32074A5A900D65E7C /* SubmentoplastyVC.swift */,
				2AC145B52074AC2500D65E7C /* ChinAugmentationVC.swift */,
				2AC145B72074ACC700D65E7C /* FacialVolumeSurgVC.swift */,
				2AC145B92074AD8B00D65E7C /* CorrectiveSurgicalVC.swift */,
			);
			path = SurgicalProcedures;
			sourceTree = "<group>";
		};
		2AC145BB2075161E00D65E7C /* NonsurgicalProcedures */ = {
			isa = PBXGroup;
			children = (
				2AC145BC2075164E00D65E7C /* InjectableTreatmentsVC.swift */,
				2AC145BE2075173A00D65E7C /* SkinTreatmentsVC.swift */,
				2AC145C02075180E00D65E7C /* EyelidRejuvenationVC.swift */,
				2AC145C220751DEB00D65E7C /* FacialVolumeNonsurgVC.swift */,
				2AC145C420751EB700D65E7C /* HandRejuvenationVC.swift */,
			);
			path = NonsurgicalProcedures;
			sourceTree = "<group>";
		};
		2AC145C8207C1C6E00D65E7C /* PartnerWebsites */ = {
			isa = PBXGroup;
			children = (
				2AC145C9207C1CAE00D65E7C /* EpionceVC.swift */,
				2AC145CB207C1DFA00D65E7C /* SkinMedicaVC.swift */,
			);
			path = PartnerWebsites;
			sourceTree = "<group>";
		};
		2AC145CF207C2FF000D65E7C /* Views */ = {
			isa = PBXGroup;
			children = (
				2AC145D0207C302800D65E7C /* BorderButton.swift */,
			);
			path = Views;
			sourceTree = "<group>";
		};
/* End PBXGroup section */

/* Begin PBXNativeTarget section */
		2AC0E63920742C0200EC5BC4 /* ACMobile */ = {
			isa = PBXNativeTarget;
			buildConfigurationList = 2AC0E65720742C0200EC5BC4 /* Build configuration list for PBXNativeTarget "ACMobile" */;
			buildPhases = (
				2AC0E63620742C0200EC5BC4 /* Sources */,
				2AC0E63720742C0200EC5BC4 /* Frameworks */,
				2AC0E63820742C0200EC5BC4 /* Resources */,
			);
			buildRules = (
			);
			dependencies = (
			);
			name = ACMobile;
			productName = ACMobile;
			productReference = 2AC0E63A20742C0200EC5BC4 /* ACMobile.app */;
			productType = "com.apple.product-type.application";
		};
		2AC0E64D20742C0200EC5BC4 /* ACMobileTests */ = {
			isa = PBXNativeTarget;
			buildConfigurationList = 2AC0E65A20742C0200EC5BC4 /* Build configuration list for PBXNativeTarget "ACMobileTests" */;
			buildPhases = (
				2AC0E64A20742C0200EC5BC4 /* Sources */,
				2AC0E64B20742C0200EC5BC4 /* Frameworks */,
				2AC0E64C20742C0200EC5BC4 /* Resources */,
			);
			buildRules = (
			);
			dependencies = (
				2AC0E65020742C0200EC5BC4 /* PBXTargetDependency */,
			);
			name = ACMobileTests;
			productName = ACMobileTests;
			productReference = 2AC0E64E20742C0200EC5BC4 /* ACMobileTests.xctest */;
			productType = "com.apple.product-type.bundle.unit-test";
		};
/* End PBXNativeTarget section */

/* Begin PBXProject section */
		2AC0E63220742C0200EC5BC4 /* Project object */ = {
			isa = PBXProject;
			attributes = {
				LastSwiftUpdateCheck = 0920;
				LastUpgradeCheck = 0920;
				ORGANIZATIONNAME = "Alex Liao";
				TargetAttributes = {
					2AC0E63920742C0200EC5BC4 = {
						CreatedOnToolsVersion = 9.2;
						LastSwiftMigration = 0920;
						ProvisioningStyle = Automatic;
					};
					2AC0E64D20742C0200EC5BC4 = {
						CreatedOnToolsVersion = 9.2;
						ProvisioningStyle = Automatic;
						TestTargetID = 2AC0E63920742C0200EC5BC4;
					};
				};
			};
			buildConfigurationList = 2AC0E63520742C0200EC5BC4 /* Build configuration list for PBXProject "ACMobile" */;
			compatibilityVersion = "Xcode 8.0";
			developmentRegion = en;
			hasScannedForEncodings = 0;
			knownRegions = (
				en,
				Base,
			);
			mainGroup = 2AC0E63120742C0200EC5BC4;
			productRefGroup = 2AC0E63B20742C0200EC5BC4 /* Products */;
			projectDirPath = "";
			projectRoot = "";
			targets = (
				2AC0E63920742C0200EC5BC4 /* ACMobile */,
				2AC0E64D20742C0200EC5BC4 /* ACMobileTests */,
			);
		};
/* End PBXProject section */

/* Begin PBXResourcesBuildPhase section */
		2AC0E63820742C0200EC5BC4 /* Resources */ = {
			isa = PBXResourcesBuildPhase;
			buildActionMask = 2147483647;
			files = (
				2AC145CE207C285900D65E7C /* Assets.xcassets in Resources */,
				2AC0E64320742C0200EC5BC4 /* Main.storyboard in Resources */,
			);
			runOnlyForDeploymentPostprocessing = 0;
		};
		2AC0E64C20742C0200EC5BC4 /* Resources */ = {
			isa = PBXResourcesBuildPhase;
			buildActionMask = 2147483647;
			files = (
			);
			runOnlyForDeploymentPostprocessing = 0;
		};
/* End PBXResourcesBuildPhase section */

/* Begin PBXSourcesBuildPhase section */
		2AC0E63620742C0200EC5BC4 /* Sources */ = {
			isa = PBXSourcesBuildPhase;
			buildActionMask = 2147483647;
			files = (
				2AC145C12075180E00D65E7C /* EyelidRejuvenationVC.swift in Sources */,
				2AC145C520751EB700D65E7C /* HandRejuvenationVC.swift in Sources */,
				2AC145BA2074AD8B00D65E7C /* CorrectiveSurgicalVC.swift in Sources */,
				2AC145BF2075173A00D65E7C /* SkinTreatmentsVC.swift in Sources */,
				2AC145D720801DA400D65E7C /* AboutAppVC.swift in Sources */,
				2AC145B62074AC2500D65E7C /* ChinAugmentationVC.swift in Sources */,
				2AC145B02074A25500D65E7C /* EyelidSurgeryVC.swift in Sources */,
				2AC145CC207C1DFA00D65E7C /* SkinMedicaVC.swift in Sources */,
				2AC145CA207C1CAE00D65E7C /* EpionceVC.swift in Sources */,
				2AC0E66520743C8200EC5BC4 /* AboutVC.swift in Sources */,
				2AC0E66720743F7600EC5BC4 /* SplashVC.swift in Sources */,
				2AC0E6632074321D00EC5BC4 /* ViewController.swift in Sources */,
				2AC145B42074A5A900D65E7C /* SubmentoplastyVC.swift in Sources */,
				2AC145C320751DEB00D65E7C /* FacialVolumeNonsurgVC.swift in Sources */,
				2AC145AC20749FCA00D65E7C /* MiniFaceLiftVC.swift in Sources */,
				2AC145C7207C187C00D65E7C /* ContactVC.swift in Sources */,
				2AC145BD2075164E00D65E7C /* InjectableTreatmentsVC.swift in Sources */,
				2AC145B82074ACC700D65E7C /* FacialVolumeSurgVC.swift in Sources */,
				2AC145D52080188300D65E7C /* PhotoGalleryVC.swift in Sources */,
				2AC0E63E20742C0200EC5BC4 /* AppDelegate.swift in Sources */,
				2AC145A82074447B00D65E7C /* FaceliftVC.swift in Sources */,
				2AC145AA20749D8C00D65E7C /* NeckLiftVC.swift in Sources */,
				2AC145AE2074A14400D65E7C /* RhinoplastyVC.swift in Sources */,
				2AC0E6602074314100EC5BC4 /* SWRevealViewController.m in Sources */,
				2AC145B22074A39600D65E7C /* BrowLiftVC.swift in Sources */,
				2AC145D1207C302800D65E7C /* BorderButton.swift in Sources */,
			);
			runOnlyForDeploymentPostprocessing = 0;
		};
		2AC0E64A20742C0200EC5BC4 /* Sources */ = {
			isa = PBXSourcesBuildPhase;
			buildActionMask = 2147483647;
			files = (
				2AC0E65320742C0200EC5BC4 /* ACMobileTests.swift in Sources */,
			);
			runOnlyForDeploymentPostprocessing = 0;
		};
/* End PBXSourcesBuildPhase section */

/* Begin PBXTargetDependency section */
		2AC0E65020742C0200EC5BC4 /* PBXTargetDependency */ = {
			isa = PBXTargetDependency;
			target = 2AC0E63920742C0200EC5BC4 /* ACMobile */;
			targetProxy = 2AC0E64F20742C0200EC5BC4 /* PBXContainerItemProxy */;
		};
/* End PBXTargetDependency section */

/* Begin PBXVariantGroup section */
		2AC0E64120742C0200EC5BC4 /* Main.storyboard */ = {
			isa = PBXVariantGroup;
			children = (
				2AC0E64220742C0200EC5BC4 /* Base */,
			);
			name = Main.storyboard;
			sourceTree = "<group>";
		};
/* End PBXVariantGroup section */

/* Begin XCBuildConfiguration section */
		2AC0E65520742C0200EC5BC4 /* Debug */ = {
			isa = XCBuildConfiguration;
			buildSettings = {
				ALWAYS_SEARCH_USER_PATHS = NO;
				CLANG_ANALYZER_NONNULL = YES;
				CLANG_ANALYZER_NUMBER_OBJECT_CONVERSION = YES_AGGRESSIVE;
				CLANG_CXX_LANGUAGE_STANDARD = "gnu++14";
				CLANG_CXX_LIBRARY = "libc++";
				CLANG_ENABLE_MODULES = YES;
				CLANG_ENABLE_OBJC_ARC = YES;
				CLANG_WARN_BLOCK_CAPTURE_AUTORELEASING = YES;
				CLANG_WARN_BOOL_CONVERSION = YES;
				CLANG_WARN_COMMA = YES;
				CLANG_WARN_CONSTANT_CONVERSION = YES;
				CLANG_WARN_DIRECT_OBJC_ISA_USAGE = YES_ERROR;
				CLANG_WARN_DOCUMENTATION_COMMENTS = YES;
				CLANG_WARN_EMPTY_BODY = YES;
				CLANG_WARN_ENUM_CONVERSION = YES;
				CLANG_WARN_INFINITE_RECURSION = YES;
				CLANG_WARN_INT_CONVERSION = YES;
				CLANG_WARN_NON_LITERAL_NULL_CONVERSION = YES;
				CLANG_WARN_OBJC_LITERAL_CONVERSION = YES;
				CLANG_WARN_OBJC_ROOT_CLASS = YES_ERROR;
				CLANG_WARN_RANGE_LOOP_ANALYSIS = YES;
				CLANG_WARN_STRICT_PROTOTYPES = YES;
				CLANG_WARN_SUSPICIOUS_MOVE = YES;
				CLANG_WARN_UNGUARDED_AVAILABILITY = YES_AGGRESSIVE;
				CLANG_WARN_UNREACHABLE_CODE = YES;
				CLANG_WARN__DUPLICATE_METHOD_MATCH = YES;
				CODE_SIGN_IDENTITY = "iPhone Developer";
				COPY_PHASE_STRIP = NO;
				DEBUG_INFORMATION_FORMAT = dwarf;
				ENABLE_STRICT_OBJC_MSGSEND = YES;
				ENABLE_TESTABILITY = YES;
				GCC_C_LANGUAGE_STANDARD = gnu11;
				GCC_DYNAMIC_NO_PIC = NO;
				GCC_NO_COMMON_BLOCKS = YES;
				GCC_OPTIMIZATION_LEVEL = 0;
				GCC_PREPROCESSOR_DEFINITIONS = (
					"DEBUG=1",
					"$(inherited)",
				);
				GCC_WARN_64_TO_32_BIT_CONVERSION = YES;
				GCC_WARN_ABOUT_RETURN_TYPE = YES_ERROR;
				GCC_WARN_UNDECLARED_SELECTOR = YES;
				GCC_WARN_UNINITIALIZED_AUTOS = YES_AGGRESSIVE;
				GCC_WARN_UNUSED_FUNCTION = YES;
				GCC_WARN_UNUSED_VARIABLE = YES;
				IPHONEOS_DEPLOYMENT_TARGET = 11.2;
				MTL_ENABLE_DEBUG_INFO = YES;
				ONLY_ACTIVE_ARCH = YES;
				SDKROOT = iphoneos;
				SWIFT_ACTIVE_COMPILATION_CONDITIONS = DEBUG;
				SWIFT_OPTIMIZATION_LEVEL = "-Onone";
			};
			name = Debug;
		};
		2AC0E65620742C0200EC5BC4 /* Release */ = {
			isa = XCBuildConfiguration;
			buildSettings = {
				ALWAYS_SEARCH_USER_PATHS = NO;
				CLANG_ANALYZER_NONNULL = YES;
				CLANG_ANALYZER_NUMBER_OBJECT_CONVERSION = YES_AGGRESSIVE;
				CLANG_CXX_LANGUAGE_STANDARD = "gnu++14";
				CLANG_CXX_LIBRARY = "libc++";
				CLANG_ENABLE_MODULES = YES;
				CLANG_ENABLE_OBJC_ARC = YES;
				CLANG_WARN_BLOCK_CAPTURE_AUTORELEASING = YES;
				CLANG_WARN_BOOL_CONVERSION = YES;
				CLANG_WARN_COMMA = YES;
				CLANG_WARN_CONSTANT_CONVERSION = YES;
				CLANG_WARN_DIRECT_OBJC_ISA_USAGE = YES_ERROR;
				CLANG_WARN_DOCUMENTATION_COMMENTS = YES;
				CLANG_WARN_EMPTY_BODY = YES;
				CLANG_WARN_ENUM_CONVERSION = YES;
				CLANG_WARN_INFINITE_RECURSION = YES;
				CLANG_WARN_INT_CONVERSION = YES;
				CLANG_WARN_NON_LITERAL_NULL_CONVERSION = YES;
				CLANG_WARN_OBJC_LITERAL_CONVERSION = YES;
				CLANG_WARN_OBJC_ROOT_CLASS = YES_ERROR;
				CLANG_WARN_RANGE_LOOP_ANALYSIS = YES;
				CLANG_WARN_STRICT_PROTOTYPES = YES;
				CLANG_WARN_SUSPICIOUS_MOVE = YES;
				CLANG_WARN_UNGUARDED_AVAILABILITY = YES_AGGRESSIVE;
				CLANG_WARN_UNREACHABLE_CODE = YES;
				CLANG_WARN__DUPLICATE_METHOD_MATCH = YES;
				CODE_SIGN_IDENTITY = "iPhone Developer";
				COPY_PHASE_STRIP = NO;
				DEBUG_INFORMATION_FORMAT = "dwarf-with-dsym";
				ENABLE_NS_ASSERTIONS = NO;
				ENABLE_STRICT_OBJC_MSGSEND = YES;
				GCC_C_LANGUAGE_STANDARD = gnu11;
				GCC_NO_COMMON_BLOCKS = YES;
				GCC_WARN_64_TO_32_BIT_CONVERSION = YES;
				GCC_WARN_ABOUT_RETURN_TYPE = YES_ERROR;
				GCC_WARN_UNDECLARED_SELECTOR = YES;
				GCC_WARN_UNINITIALIZED_AUTOS = YES_AGGRESSIVE;
				GCC_WARN_UNUSED_FUNCTION = YES;
				GCC_WARN_UNUSED_VARIABLE = YES;
				IPHONEOS_DEPLOYMENT_TARGET = 11.2;
				MTL_ENABLE_DEBUG_INFO = NO;
				SDKROOT = iphoneos;
				SWIFT_OPTIMIZATION_LEVEL = "-Owholemodule";
				VALIDATE_PRODUCT = YES;
			};
			name = Release;
		};
		2AC0E65820742C0200EC5BC4 /* Debug */ = {
			isa = XCBuildConfiguration;
			buildSettings = {
				ASSETCATALOG_COMPILER_APPICON_NAME = AppIcon;
				CLANG_ENABLE_MODULES = YES;
				CODE_SIGN_STYLE = Automatic;
				DEVELOPMENT_TEAM = NK57ST362X;
				INFOPLIST_FILE = ACMobile/Info.plist;
				IPHONEOS_DEPLOYMENT_TARGET = 11.0;
				LD_RUNPATH_SEARCH_PATHS = "$(inherited) @executable_path/Frameworks";
				PRODUCT_BUNDLE_IDENTIFIER = com.alexliao.ACMobile;
				PRODUCT_NAME = "$(TARGET_NAME)";
				SWIFT_OBJC_BRIDGING_HEADER = "ACMobile/ACMobile-Bridging-Header.h";
				SWIFT_OPTIMIZATION_LEVEL = "-Onone";
				SWIFT_VERSION = 4.0;
				TARGETED_DEVICE_FAMILY = "1,2";
			};
			name = Debug;
		};
		2AC0E65920742C0200EC5BC4 /* Release */ = {
			isa = XCBuildConfiguration;
			buildSettings = {
				ASSETCATALOG_COMPILER_APPICON_NAME = AppIcon;
				CLANG_ENABLE_MODULES = YES;
				CODE_SIGN_STYLE = Automatic;
				DEVELOPMENT_TEAM = NK57ST362X;
				INFOPLIST_FILE = ACMobile/Info.plist;
				IPHONEOS_DEPLOYMENT_TARGET = 11.0;
				LD_RUNPATH_SEARCH_PATHS = "$(inherited) @executable_path/Frameworks";
				PRODUCT_BUNDLE_IDENTIFIER = com.alexliao.ACMobile;
				PRODUCT_NAME = "$(TARGET_NAME)";
				SWIFT_OBJC_BRIDGING_HEADER = "ACMobile/ACMobile-Bridging-Header.h";
				SWIFT_VERSION = 4.0;
				TARGETED_DEVICE_FAMILY = "1,2";
			};
			name = Release;
		};
		2AC0E65B20742C0200EC5BC4 /* Debug */ = {
			isa = XCBuildConfiguration;
			buildSettings = {
				ALWAYS_EMBED_SWIFT_STANDARD_LIBRARIES = YES;
				BUNDLE_LOADER = "$(TEST_HOST)";
				CODE_SIGN_STYLE = Automatic;
				INFOPLIST_FILE = ACMobileTests/Info.plist;
				LD_RUNPATH_SEARCH_PATHS = "$(inherited) @executable_path/Frameworks @loader_path/Frameworks";
				PRODUCT_BUNDLE_IDENTIFIER = com.alexliao.ACMobileTests;
				PRODUCT_NAME = "$(TARGET_NAME)";
				SWIFT_VERSION = 4.0;
				TARGETED_DEVICE_FAMILY = "1,2";
				TEST_HOST = "$(BUILT_PRODUCTS_DIR)/ACMobile.app/ACMobile";
			};
			name = Debug;
		};
		2AC0E65C20742C0200EC5BC4 /* Release */ = {
			isa = XCBuildConfiguration;
			buildSettings = {
				ALWAYS_EMBED_SWIFT_STANDARD_LIBRARIES = YES;
				BUNDLE_LOADER = "$(TEST_HOST)";
				CODE_SIGN_STYLE = Automatic;
				INFOPLIST_FILE = ACMobileTests/Info.plist;
				LD_RUNPATH_SEARCH_PATHS = "$(inherited) @executable_path/Frameworks @loader_path/Frameworks";
				PRODUCT_BUNDLE_IDENTIFIER = com.alexliao.ACMobileTests;
				PRODUCT_NAME = "$(TARGET_NAME)";
				SWIFT_VERSION = 4.0;
				TARGETED_DEVICE_FAMILY = "1,2";
				TEST_HOST = "$(BUILT_PRODUCTS_DIR)/ACMobile.app/ACMobile";
			};
			name = Release;
		};
/* End XCBuildConfiguration section */

/* Begin XCConfigurationList section */
		2AC0E63520742C0200EC5BC4 /* Build configuration list for PBXProject "ACMobile" */ = {
			isa = XCConfigurationList;
			buildConfigurations = (
				2AC0E65520742C0200EC5BC4 /* Debug */,
				2AC0E65620742C0200EC5BC4 /* Release */,
			);
			defaultConfigurationIsVisible = 0;
			defaultConfigurationName = Release;
		};
		2AC0E65720742C0200EC5BC4 /* Build configuration list for PBXNativeTarget "ACMobile" */ = {
			isa = XCConfigurationList;
			buildConfigurations = (
				2AC0E65820742C0200EC5BC4 /* Debug */,
				2AC0E65920742C0200EC5BC4 /* Release */,
			);
			defaultConfigurationIsVisible = 0;
			defaultConfigurationName = Release;
		};
		2AC0E65A20742C0200EC5BC4 /* Build configuration list for PBXNativeTarget "ACMobileTests" */ = {
			isa = XCConfigurationList;
			buildConfigurations = (
				2AC0E65B20742C0200EC5BC4 /* Debug */,
				2AC0E65C20742C0200EC5BC4 /* Release */,
			);
			defaultConfigurationIsVisible = 0;
			defaultConfigurationName = Release;
		};
/* End XCConfigurationList section */
	};
	rootObject = 2AC0E63220742C0200EC5BC4 /* Project object */;
}
